
Microsoft Visual Studio Solution File, Format Version 12.00
# Visual Studio 15
Project("{FAE04EC0-301F-11D3-BF4B-00C04F79EFBC}") = "UnityEngine.UI", "UnityEngine.UI.csproj", "{59CB3429-30B1-540E-D54D-AC6F1BC5E7FF}"
EndProject
Project("{FAE04EC0-301F-11D3-BF4B-00C04F79EFBC}") = "Assembly-CSharp", "Assembly-CSharp.csproj", "{C372D127-5758-0F6E-DEA1-873E57A7A9F0}"
EndProject
Project("{FAE04EC0-301F-11D3-BF4B-00C04F79EFBC}") = "Unity.2D.Sprite.Editor", "Unity.2D.Sprite.Editor.csproj", "{48385DB5-2BE2-1C6F-F3A9-6E05AD312E20}"
EndProject
Project("{FAE04EC0-301F-11D3-BF4B-00C04F79EFBC}") = "UnityEditor.UI", "UnityEditor.UI.csproj", "{1E937E24-883D-529C-5774-269C2E71041F}"
EndProject
Global
	GlobalSection(SolutionConfigurationPlatforms) = preSolution
		Debug|Any CPU = Debug|Any CPU
		Release|Any CPU = Release|Any CPU
	EndGlobalSection
	GlobalSection(ProjectConfigurationPlatforms) = postSolution
		{59CB3429-30B1-540E-D54D-AC6F1BC5E7FF}.Debug|Any CPU.ActiveCfg = Debug|Any CPU
		{59CB3429-30B1-540E-D54D-AC6F1BC5E7FF}.Debug|Any CPU.Build.0 = Debug|Any CPU
		{59CB3429-30B1-540E-D54D-AC6F1BC5E7FF}.Release|Any CPU.ActiveCfg = Release|Any CPU
		{59CB3429-30B1-540E-D54D-AC6F1BC5E7FF}.Release|Any CPU.Build.0 = Release|Any CPU
		{C372D127-5758-0F6E-DEA1-873E57A7A9F0}.Debug|Any CPU.ActiveCfg = Debug|Any CPU
		{C372D127-5758-0F6E-DEA1-873E57A7A9F0}.Debug|Any CPU.Build.0 = Debug|Any CPU
		{C372D127-5758-0F6E-DEA1-873E57A7A9F0}.Release|Any CPU.ActiveCfg = Release|Any CPU
		{C372D127-5758-0F6E-DEA1-873E57A7A9F0}.Release|Any CPU.Build.0 = Release|Any CPU
		{48385DB5-2BE2-1C6F-F3A9-6E05AD312E20}.Debug|Any CPU.ActiveCfg = Debug|Any CPU
		{48385DB5-2BE2-1C6F-F3A9-6E05AD312E20}.Debug|Any CPU.Build.0 = Debug|Any CPU
		{48385DB5-2BE2-1C6F-F3A9-6E05AD312E20}.Release|Any CPU.ActiveCfg = Release|Any CPU
		{48385DB5-2BE2-1C6F-F3A9-6E05AD312E20}.Release|Any CPU.Build.0 = Release|Any CPU
		{1E937E24-883D-529C-5774-269C2E71041F}.Debug|Any CPU.ActiveCfg = Debug|Any CPU
		{1E937E24-883D-529C-5774-269C2E71041F}.Debug|Any CPU.Build.0 = Debug|Any CPU
		{1E937E24-883D-529C-5774-269C2E71041F}.Release|Any CPU.ActiveCfg = Release|Any CPU
		{1E937E24-883D-529C-5774-269C2E71041F}.Release|Any CPU.Build.0 = Release|Any CPU
	EndGlobalSection
	GlobalSection(SolutionProperties) = preSolution
		HideSolutionNode = FALSE
	EndGlobalSection
EndGlobal
